// !$*UTF8*$!
{
	archiveVersion = 1;
	classes = {
	};
	objectVersion = 46;
	objects = {

/* Begin PBXBuildFile section */
		39EC60801FF19F1B00E8C759 /* AppDelegate.swift in Sources */ = {isa = PBXBuildFile; fileRef = 39EC607F1FF19F1B00E8C759 /* AppDelegate.swift */; };
		39EC60821FF19F1B00E8C759 /* ViewController.swift in Sources */ = {isa = PBXBuildFile; fileRef = 39EC60811FF19F1B00E8C759 /* ViewController.swift */; };
		39EC60851FF19F1C00E8C759 /* Main.storyboard in Resources */ = {isa = PBXBuildFile; fileRef = 39EC60831FF19F1C00E8C759 /* Main.storyboard */; };
		39EC60871FF19F1C00E8C759 /* Assets.xcassets in Resources */ = {isa = PBXBuildFile; fileRef = 39EC60861FF19F1C00E8C759 /* Assets.xcassets */; };
		39EC608A1FF19F1C00E8C759 /* LaunchScreen.storyboard in Resources */ = {isa = PBXBuildFile; fileRef = 39EC60881FF19F1C00E8C759 /* LaunchScreen.storyboard */; };
		39EC60951FF19F1D00E8C759 /* pruebaGitTests.swift in Sources */ = {isa = PBXBuildFile; fileRef = 39EC60941FF19F1D00E8C759 /* pruebaGitTests.swift */; };
		39EC60A01FF19F1D00E8C759 /* pruebaGitUITests.swift in Sources */ = {isa = PBXBuildFile; fileRef = 39EC609F1FF19F1D00E8C759 /* pruebaGitUITests.swift */; };
/* End PBXBuildFile section */

/* Begin PBXContainerItemProxy section */
		39EC60911FF19F1D00E8C759 /* PBXContainerItemProxy */ = {
			isa = PBXContainerItemProxy;
			containerPortal = 39EC60741FF19F1B00E8C759 /* Project object */;
			proxyType = 1;
			remoteGlobalIDString = 39EC607B1FF19F1B00E8C759;
			remoteInfo = pruebaGit;
		};
		39EC609C1FF19F1D00E8C759 /* PBXContainerItemProxy */ = {
			isa = PBXContainerItemProxy;
			containerPortal = 39EC60741FF19F1B00E8C759 /* Project object */;
			proxyType = 1;
			remoteGlobalIDString = 39EC607B1FF19F1B00E8C759;
			remoteInfo = pruebaGit;
		};
/* End PBXContainerItemProxy section */

/* Begin PBXFileReference section */
		39EC607C1FF19F1B00E8C759 /* pruebaGit.app */ = {isa = PBXFileReference; explicitFileType = wrapper.application; includeInIndex = 0; path = pruebaGit.app; sourceTree = BUILT_PRODUCTS_DIR; };
		39EC607F1FF19F1B00E8C759 /* AppDelegate.swift */ = {isa = PBXFileReference; lastKnownFileType = sourcecode.swift; path = AppDelegate.swift; sourceTree = "<group>"; };
		39EC60811FF19F1B00E8C759 /* ViewController.swift */ = {isa = PBXFileReference; lastKnownFileType = sourcecode.swift; path = ViewController.swift; sourceTree = "<group>"; };
		39EC60841FF19F1C00E8C759 /* Base */ = {isa = PBXFileReference; lastKnownFileType = file.storyboard; name = Base; path = Base.lproj/Main.storyboard; sourceTree = "<group>"; };
		39EC60861FF19F1C00E8C759 /* Assets.xcassets */ = {isa = PBXFileReference; lastKnownFileType = folder.assetcatalog; path = Assets.xcassets; sourceTree = "<group>"; };
		39EC60891FF19F1C00E8C759 /* Base */ = {isa = PBXFileReference; lastKnownFileType = file.storyboard; name = Base; path = Base.lproj/LaunchScreen.storyboard; sourceTree = "<group>"; };
		39EC608B1FF19F1C00E8C759 /* Info.plist */ = {isa = PBXFileReference; lastKnownFileType = text.plist.xml; path = Info.plist; sourceTree = "<group>"; };
		39EC60901FF19F1D00E8C759 /* pruebaGitTests.xctest */ = {isa = PBXFileReference; explicitFileType = wrapper.cfbundle; includeInIndex = 0; path = pruebaGitTests.xctest; sourceTree = BUILT_PRODUCTS_DIR; };
		39EC60941FF19F1D00E8C759 /* pruebaGitTests.swift */ = {isa = PBXFileReference; lastKnownFileType = sourcecode.swift; path = pruebaGitTests.swift; sourceTree = "<group>"; };
		39EC60961FF19F1D00E8C759 /* Info.plist */ = {isa = PBXFileReference; lastKnownFileType = text.plist.xml; path = Info.plist; sourceTree = "<group>"; };
		39EC609B1FF19F1D00E8C759 /* pruebaGitUITests.xctest */ = {isa = PBXFileReference; explicitFileType = wrapper.cfbundle; includeInIndex = 0; path = pruebaGitUITests.xctest; sourceTree = BUILT_PRODUCTS_DIR; };
		39EC609F1FF19F1D00E8C759 /* pruebaGitUITests.swift */ = {isa = PBXFileReference; lastKnownFileType = sourcecode.swift; path = pruebaGitUITests.swift; sourceTree = "<group>"; };
		39EC60A11FF19F1D00E8C759 /* Info.plist */ = {isa = PBXFileReference; lastKnownFileType = text.plist.xml; path = Info.plist; sourceTree = "<group>"; };
/* End PBXFileReference section */

/* Begin PBXFrameworksBuildPhase section */
		39EC60791FF19F1B00E8C759 /* Frameworks */ = {
			isa = PBXFrameworksBuildPhase;
			buildActionMask = 2147483647;
			files = (
			);
			runOnlyForDeploymentPostprocessing = 0;
		};
		39EC608D1FF19F1D00E8C759 /* Frameworks */ = {
			isa = PBXFrameworksBuildPhase;
			buildActionMask = 2147483647;
			files = (
			);
			runOnlyForDeploymentPostprocessing = 0;
		};
		39EC60981FF19F1D00E8C759 /* Frameworks */ = {
			isa = PBXFrameworksBuildPhase;
			buildActionMask = 2147483647;
			files = (
			);
			runOnlyForDeploymentPostprocessing = 0;
		};
/* End PBXFrameworksBuildPhase section */

/* Begin PBXGroup section */
		39EC60731FF19F1B00E8C759 = {
			isa = PBXGroup;
			children = (
				39EC607E1FF19F1B00E8C759 /* pruebaGit */,
				39EC60931FF19F1D00E8C759 /* pruebaGitTests */,
				39EC609E1FF19F1D00E8C759 /* pruebaGitUITests */,
				39EC607D1FF19F1B00E8C759 /* Products */,
			);
			sourceTree = "<group>";
		};
		39EC607D1FF19F1B00E8C759 /* Products */ = {
			isa = PBXGroup;
			children = (
				39EC607C1FF19F1B00E8C759 /* pruebaGit.app */,
				39EC60901FF19F1D00E8C759 /* pruebaGitTests.xctest */,
				39EC609B1FF19F1D00E8C759 /* pruebaGitUITests.xctest */,
			);
			name = Products;
			sourceTree = "<group>";
		};
		39EC607E1FF19F1B00E8C759 /* pruebaGit */ = {
			isa = PBXGroup;
			children = (
				39EC607F1FF19F1B00E8C759 /* AppDelegate.swift */,
				39EC60811FF19F1B00E8C759 /* ViewController.swift */,
				39EC60831FF19F1C00E8C759 /* Main.storyboard */,
				39EC60861FF19F1C00E8C759 /* Assets.xcassets */,
				39EC60881FF19F1C00E8C759 /* LaunchScreen.storyboard */,
				39EC608B1FF19F1C00E8C759 /* Info.plist */,
			);
			path = pruebaGit;
			sourceTree = "<group>";
		};
		39EC60931FF19F1D00E8C759 /* pruebaGitTests */ = {
			isa = PBXGroup;
			children = (
				39EC60941FF19F1D00E8C759 /* pruebaGitTests.swift */,
				39EC60961FF19F1D00E8C759 /* Info.plist */,
			);
			path = pruebaGitTests;
			sourceTree = "<group>";
		};
		39EC609E1FF19F1D00E8C759 /* pruebaGitUITests */ = {
			isa = PBXGroup;
			children = (
				39EC609F1FF19F1D00E8C759 /* pruebaGitUITests.swift */,
				39EC60A11FF19F1D00E8C759 /* Info.plist */,
			);
			path = pruebaGitUITests;
			sourceTree = "<group>";
		};
/* End PBXGroup section */

/* Begin PBXNativeTarget section */
		39EC607B1FF19F1B00E8C759 /* pruebaGit */ = {
			isa = PBXNativeTarget;
			buildConfigurationList = 39EC60A41FF19F1D00E8C759 /* Build configuration list for PBXNativeTarget "pruebaGit" */;
			buildPhases = (
				39EC60781FF19F1B00E8C759 /* Sources */,
				39EC60791FF19F1B00E8C759 /* Frameworks */,
				39EC607A1FF19F1B00E8C759 /* Resources */,
			);
			buildRules = (
			);
			dependencies = (
			);
			name = pruebaGit;
			productName = pruebaGit;
			productReference = 39EC607C1FF19F1B00E8C759 /* pruebaGit.app */;
			productType = "com.apple.product-type.application";
		};
		39EC608F1FF19F1D00E8C759 /* pruebaGitTests */ = {
			isa = PBXNativeTarget;
			buildConfigurationList = 39EC60A71FF19F1D00E8C759 /* Build configuration list for PBXNativeTarget "pruebaGitTests" */;
			buildPhases = (
				39EC608C1FF19F1D00E8C759 /* Sources */,
				39EC608D1FF19F1D00E8C759 /* Frameworks */,
				39EC608E1FF19F1D00E8C759 /* Resources */,
			);
			buildRules = (
			);
			dependencies = (
				39EC60921FF19F1D00E8C759 /* PBXTargetDependency */,
			);
			name = pruebaGitTests;
			productName = pruebaGitTests;
			productReference = 39EC60901FF19F1D00E8C759 /* pruebaGitTests.xctest */;
			productType = "com.apple.product-type.bundle.unit-test";
		};
		39EC609A1FF19F1D00E8C759 /* pruebaGitUITests */ = {
			isa = PBXNativeTarget;
			buildConfigurationList = 39EC60AA1FF19F1D00E8C759 /* Build configuration list for PBXNativeTarget "pruebaGitUITests" */;
			buildPhases = (
				39EC60971FF19F1D00E8C759 /* Sources */,
				39EC60981FF19F1D00E8C759 /* Frameworks */,
				39EC60991FF19F1D00E8C759 /* Resources */,
			);
			buildRules = (
			);
			dependencies = (
				39EC609D1FF19F1D00E8C759 /* PBXTargetDependency */,
			);
			name = pruebaGitUITests;
			productName = pruebaGitUITests;
			productReference = 39EC609B1FF19F1D00E8C759 /* pruebaGitUITests.xctest */;
			productType = "com.apple.product-type.bundle.ui-testing";
		};
/* End PBXNativeTarget section */

/* Begin PBXProject section */
		39EC60741FF19F1B00E8C759 /* Project object */ = {
			isa = PBXProject;
			attributes = {
				LastSwiftUpdateCheck = 0830;
				LastUpgradeCheck = 0830;
				ORGANIZATIONNAME = "Taniana Rodriguez";
				TargetAttributes = {
					39EC607B1FF19F1B00E8C759 = {
						CreatedOnToolsVersion = 8.3.3;
						DevelopmentTeam = 487758D75T;
						ProvisioningStyle = Automatic;
					};
					39EC608F1FF19F1D00E8C759 = {
						CreatedOnToolsVersion = 8.3.3;
						DevelopmentTeam = 487758D75T;
						ProvisioningStyle = Automatic;
						TestTargetID = 39EC607B1FF19F1B00E8C759;
					};
					39EC609A1FF19F1D00E8C759 = {
						CreatedOnToolsVersion = 8.3.3;
						DevelopmentTeam = 487758D75T;
						ProvisioningStyle = Automatic;
						TestTargetID = 39EC607B1FF19F1B00E8C759;
					};
				};
			};
			buildConfigurationList = 39EC60771FF19F1B00E8C759 /* Build configuration list for PBXProject "pruebaGit" */;
			compatibilityVersion = "Xcode 3.2";
			developmentRegion = English;
			hasScannedForEncodings = 0;
			knownRegions = (
				en,
				Base,
			);
			mainGroup = 39EC60731FF19F1B00E8C759;
			productRefGroup = 39EC607D1FF19F1B00E8C759 /* Products */;
			projectDirPath = "";
			projectRoot = "";
			targets = (
				39EC607B1FF19F1B00E8C759 /* pruebaGit */,
				39EC608F1FF19F1D00E8C759 /* pruebaGitTests */,
				39EC609A1FF19F1D00E8C759 /* pruebaGitUITests */,
			);
		};
/* End PBXProject section */

/* Begin PBXResourcesBuildPhase section */
		39EC607A1FF19F1B00E8C759 /* Resources */ = {
			isa = PBXResourcesBuildPhase;
			buildActionMask = 2147483647;
			files = (
				39EC608A1FF19F1C00E8C759 /* LaunchScreen.storyboard in Resources */,
				39EC60871FF19F1C00E8C759 /* Assets.xcassets in Resources */,
				39EC60851FF19F1C00E8C759 /* Main.storyboard in Resources */,
			);
			runOnlyForDeploymentPostprocessing = 0;
		};
		39EC608E1FF19F1D00E8C759 /* Resources */ = {
			isa = PBXResourcesBuildPhase;
			buildActionMask = 2147483647;
			files = (
			);
			runOnlyForDeploymentPostprocessing = 0;
		};
		39EC60991FF19F1D00E8C759 /* Resources */ = {
			isa = PBXResourcesBuildPhase;
			buildActionMask = 2147483647;
			files = (
			);
			runOnlyForDeploymentPostprocessing = 0;
		};
/* End PBXResourcesBuildPhase section */

/* Begin PBXSourcesBuildPhase section */
		39EC60781FF19F1B00E8C759 /* Sources */ = {
			isa = PBXSourcesBuildPhase;
			buildActionMask = 2147483647;
			files = (
				39EC60821FF19F1B00E8C759 /* ViewController.swift in Sources */,
				39EC60801FF19F1B00E8C759 /* AppDelegate.swift in Sources */,
			);
			runOnlyForDeploymentPostprocessing = 0;
		};
		39EC608C1FF19F1D00E8C759 /* Sources */ = {
			isa = PBXSourcesBuildPhase;
			buildActionMask = 2147483647;
			files = (
				39EC60951FF19F1D00E8C759 /* pruebaGitTests.swift in Sources */,
			);
			runOnlyForDeploymentPostprocessing = 0;
		};
		39EC60971FF19F1D00E8C759 /* Sources */ = {
			isa = PBXSourcesBuildPhase;
			buildActionMask = 2147483647;
			files = (
				39EC60A01FF19F1D00E8C759 /* pruebaGitUITests.swift in Sources */,
			);
			runOnlyForDeploymentPostprocessing = 0;
		};
/* End PBXSourcesBuildPhase section */

/* Begin PBXTargetDependency section */
		39EC60921FF19F1D00E8C759 /* PBXTargetDependency */ = {
			isa = PBXTargetDependency;
			target = 39EC607B1FF19F1B00E8C759 /* pruebaGit */;
			targetProxy = 39EC60911FF19F1D00E8C759 /* PBXContainerItemProxy */;
		};
		39EC609D1FF19F1D00E8C759 /* PBXTargetDependency */ = {
			isa = PBXTargetDependency;
			target = 39EC607B1FF19F1B00E8C759 /* pruebaGit */;
			targetProxy = 39EC609C1FF19F1D00E8C759 /* PBXContainerItemProxy */;
		};
/* End PBXTargetDependency section */

/* Begin PBXVariantGroup section */
		39EC60831FF19F1C00E8C759 /* Main.storyboard */ = {
			isa = PBXVariantGroup;
			children = (
				39EC60841FF19F1C00E8C759 /* Base */,
			);
			name = Main.storyboard;
			sourceTree = "<group>";
		};
		39EC60881FF19F1C00E8C759 /* LaunchScreen.storyboard */ = {
			isa = PBXVariantGroup;
			children = (
				39EC60891FF19F1C00E8C759 /* Base */,
			);
			name = LaunchScreen.storyboard;
			sourceTree = "<group>";
		};
/* End PBXVariantGroup section */

/* Begin XCBuildConfiguration section */
		39EC60A21FF19F1D00E8C759 /* Debug */ = {
			isa = XCBuildConfiguration;
			buildSettings = {
				ALWAYS_SEARCH_USER_PATHS = NO;
				CLANG_ANALYZER_NONNULL = YES;
				CLANG_ANALYZER_NUMBER_OBJECT_CONVERSION = YES_AGGRESSIVE;
				CLANG_CXX_LANGUAGE_STANDARD = "gnu++0x";
				CLANG_CXX_LIBRARY = "libc++";
				CLANG_ENABLE_MODULES = YES;
				CLANG_ENABLE_OBJC_ARC = YES;
				CLANG_WARN_BOOL_CONVERSION = YES;
				CLANG_WARN_CONSTANT_CONVERSION = YES;
				CLANG_WARN_DIRECT_OBJC_ISA_USAGE = YES_ERROR;
				CLANG_WARN_DOCUMENTATION_COMMENTS = YES;
				CLANG_WARN_EMPTY_BODY = YES;
				CLANG_WARN_ENUM_CONVERSION = YES;
				CLANG_WARN_INFINITE_RECURSION = YES;
				CLANG_WARN_INT_CONVERSION = YES;
				CLANG_WARN_OBJC_ROOT_CLASS = YES_ERROR;
				CLANG_WARN_SUSPICIOUS_MOVE = YES;
				CLANG_WARN_UNREACHABLE_CODE = YES;
				CLANG_WARN__DUPLICATE_METHOD_MATCH = YES;
				"CODE_SIGN_IDENTITY[sdk=iphoneos*]" = "iPhone Developer";
				COPY_PHASE_STRIP = NO;
				DEBUG_INFORMATION_FORMAT = dwarf;
				ENABLE_STRICT_OBJC_MSGSEND = YES;
				ENABLE_TESTABILITY = YES;
				GCC_C_LANGUAGE_STANDARD = gnu99;
				GCC_DYNAMIC_NO_PIC = NO;
				GCC_NO_COMMON_BLOCKS = YES;
				GCC_OPTIMIZATION_LEVEL = 0;
				GCC_PREPROCESSOR_DEFINITIONS = (
					"DEBUG=1",
					"$(inherited)",
				);
				GCC_WARN_64_TO_32_BIT_CONVERSION = YES;
				GCC_WARN_ABOUT_RETURN_TYPE = YES_ERROR;
				GCC_WARN_UNDECLARED_SELECTOR = YES;
				GCC_WARN_UNINITIALIZED_AUTOS = YES_AGGRESSIVE;
				GCC_WARN_UNUSED_FUNCTION = YES;
				GCC_WARN_UNUSED_VARIABLE = YES;
				IPHONEOS_DEPLOYMENT_TARGET = 10.3;
				MTL_ENABLE_DEBUG_INFO = YES;
				ONLY_ACTIVE_ARCH = YES;
				SDKROOT = iphoneos;
				SWIFT_ACTIVE_COMPILATION_CONDITIONS = DEBUG;
				SWIFT_OPTIMIZATION_LEVEL = "-Onone";
				TARGETED_DEVICE_FAMILY = "1,2";
			};
			name = Debug;
		};
		39EC60A31FF19F1D00E8C759 /* Release */ = {
			isa = XCBuildConfiguration;
			buildSettings = {
				ALWAYS_SEARCH_USER_PATHS = NO;
				CLANG_ANALYZER_NONNULL = YES;
				CLANG_ANALYZER_NUMBER_OBJECT_CONVERSION = YES_AGGRESSIVE;
				CLANG_CXX_LANGUAGE_STANDARD = "gnu++0x";
				CLANG_CXX_LIBRARY = "libc++";
				CLANG_ENABLE_MODULES = YES;
				CLANG_ENABLE_OBJC_ARC = YES;
				CLANG_WARN_BOOL_CONVERSION = YES;
				CLANG_WARN_CONSTANT_CONVERSION = YES;
				CLANG_WARN_DIRECT_OBJC_ISA_USAGE = YES_ERROR;
				CLANG_WARN_DOCUMENTATION_COMMENTS = YES;
				CLANG_WARN_EMPTY_BODY = YES;
				CLANG_WARN_ENUM_CONVERSION = YES;
				CLANG_WARN_INFINITE_RECURSION = YES;
				CLANG_WARN_INT_CONVERSION = YES;
				CLANG_WARN_OBJC_ROOT_CLASS = YES_ERROR;
				CLANG_WARN_SUSPICIOUS_MOVE = YES;
				CLANG_WARN_UNREACHABLE_CODE = YES;
				CLANG_WARN__DUPLICATE_METHOD_MATCH = YES;
				"CODE_SIGN_IDENTITY[sdk=iphoneos*]" = "iPhone Developer";
				COPY_PHASE_STRIP = NO;
				DEBUG_INFORMATION_FORMAT = "dwarf-with-dsym";
				ENABLE_NS_ASSERTIONS = NO;
				ENABLE_STRICT_OBJC_MSGSEND = YES;
				GCC_C_LANGUAGE_STANDARD = gnu99;
				GCC_NO_COMMON_BLOCKS = YES;
				GCC_WARN_64_TO_32_BIT_CONVERSION = YES;
				GCC_WARN_ABOUT_RETURN_TYPE = YES_ERROR;
				GCC_WARN_UNDECLARED_SELECTOR = YES;
				GCC_WARN_UNINITIALIZED_AUTOS = YES_AGGRESSIVE;
				GCC_WARN_UNUSED_FUNCTION = YES;
				GCC_WARN_UNUSED_VARIABLE = YES;
				IPHONEOS_DEPLOYMENT_TARGET = 10.3;
				MTL_ENABLE_DEBUG_INFO = NO;
				SDKROOT = iphoneos;
				SWIFT_OPTIMIZATION_LEVEL = "-Owholemodule";
				TARGETED_DEVICE_FAMILY = "1,2";
				VALIDATE_PRODUCT = YES;
			};
			name = Release;
		};
		39EC60A51FF19F1D00E8C759 /* Debug */ = {
			isa = XCBuildConfiguration;
			buildSettings = {
				ASSETCATALOG_COMPILER_APPICON_NAME = AppIcon;
				DEVELOPMENT_TEAM = 487758D75T;
				INFOPLIST_FILE = pruebaGit/Info.plist;
				LD_RUNPATH_SEARCH_PATHS = "$(inherited) @executable_path/Frameworks";
				PRODUCT_BUNDLE_IDENTIFIER = ve.iteam.pruebaGit;
				PRODUCT_NAME = "$(TARGET_NAME)";
				SWIFT_VERSION = 3.0;
			};
			name = Debug;
		};
		39EC60A61FF19F1D00E8C759 /* Release */ = {
			isa = XCBuildConfiguration;
			buildSettings = {
				ASSETCATALOG_COMPILER_APPICON_NAME = AppIcon;
				DEVELOPMENT_TEAM = 487758D75T;
				INFOPLIST_FILE = pruebaGit/Info.plist;
				LD_RUNPATH_SEARCH_PATHS = "$(inherited) @executable_path/Frameworks";
				PRODUCT_BUNDLE_IDENTIFIER = ve.iteam.pruebaGit;
				PRODUCT_NAME = "$(TARGET_NAME)";
				SWIFT_VERSION = 3.0;
			};
			name = Release;
		};
		39EC60A81FF19F1D00E8C759 /* Debug */ = {
			isa = XCBuildConfiguration;
			buildSettings = {
				ALWAYS_EMBED_SWIFT_STANDARD_LIBRARIES = YES;
				BUNDLE_LOADER = "$(TEST_HOST)";
				DEVELOPMENT_TEAM = 487758D75T;
				INFOPLIST_FILE = pruebaGitTests/Info.plist;
				LD_RUNPATH_SEARCH_PATHS = "$(inherited) @executable_path/Frameworks @loader_path/Frameworks";
				PRODUCT_BUNDLE_IDENTIFIER = ve.iteam.pruebaGitTests;
				PRODUCT_NAME = "$(TARGET_NAME)";
				SWIFT_VERSION = 3.0;
				TEST_HOST = "$(BUILT_PRODUCTS_DIR)/pruebaGit.app/pruebaGit";
			};
			name = Debug;
		};
		39EC60A91FF19F1D00E8C759 /* Release */ = {
			isa = XCBuildConfiguration;
			buildSettings = {
				ALWAYS_EMBED_SWIFT_STANDARD_LIBRARIES = YES;
				BUNDLE_LOADER = "$(TEST_HOST)";
				DEVELOPMENT_TEAM = 487758D75T;
				INFOPLIST_FILE = pruebaGitTests/Info.plist;
				LD_RUNPATH_SEARCH_PATHS = "$(inherited) @executable_path/Frameworks @loader_path/Frameworks";
				PRODUCT_BUNDLE_IDENTIFIER = ve.iteam.pruebaGitTests;
				PRODUCT_NAME = "$(TARGET_NAME)";
				SWIFT_VERSION = 3.0;
				TEST_HOST = "$(BUILT_PRODUCTS_DIR)/pruebaGit.app/pruebaGit";
			};
			name = Release;
		};
		39EC60AB1FF19F1D00E8C759 /* Debug */ = {
			isa = XCBuildConfiguration;
			buildSettings = {
				ALWAYS_EMBED_SWIFT_STANDARD_LIBRARIES = YES;
				DEVELOPMENT_TEAM = 487758D75T;
				INFOPLIST_FILE = pruebaGitUITests/Info.plist;
				LD_RUNPATH_SEARCH_PATHS = "$(inherited) @executable_path/Frameworks @loader_path/Frameworks";
				PRODUCT_BUNDLE_IDENTIFIER = ve.iteam.pruebaGitUITests;
				PRODUCT_NAME = "$(TARGET_NAME)";
				SWIFT_VERSION = 3.0;
				TEST_TARGET_NAME = pruebaGit;
			};
			name = Debug;
		};
		39EC60AC1FF19F1D00E8C759 /* Release */ = {
			isa = XCBuildConfiguration;
			buildSettings = {
				ALWAYS_EMBED_SWIFT_STANDARD_LIBRARIES = YES;
				DEVELOPMENT_TEAM = 487758D75T;
				INFOPLIST_FILE = pruebaGitUITests/Info.plist;
				LD_RUNPATH_SEARCH_PATHS = "$(inherited) @executable_path/Frameworks @loader_path/Frameworks";
				PRODUCT_BUNDLE_IDENTIFIER = ve.iteam.pruebaGitUITests;
				PRODUCT_NAME = "$(TARGET_NAME)";
				SWIFT_VERSION = 3.0;
				TEST_TARGET_NAME = pruebaGit;
			};
			name = Release;
		};
/* End XCBuildConfiguration section */

/* Begin XCConfigurationList section */
		39EC60771FF19F1B00E8C759 /* Build configuration list for PBXProject "pruebaGit" */ = {
			isa = XCConfigurationList;
			buildConfigurations = (
				39EC60A21FF19F1D00E8C759 /* Debug */,
				39EC60A31FF19F1D00E8C759 /* Release */,
			);
			defaultConfigurationIsVisible = 0;
			defaultConfigurationName = Release;
		};
		39EC60A41FF19F1D00E8C759 /* Build configuration list for PBXNativeTarget "pruebaGit" */ = {
			isa = XCConfigurationList;
			buildConfigurations = (
				39EC60A51FF19F1D00E8C759 /* Debug */,
				39EC60A61FF19F1D00E8C759 /* Release */,
			);
			defaultConfigurationIsVisible = 0;
		};
		39EC60A71FF19F1D00E8C759 /* Build configuration list for PBXNativeTarget "pruebaGitTests" */ = {
			isa = XCConfigurationList;
			buildConfigurations = (
				39EC60A81FF19F1D00E8C759 /* Debug */,
				39EC60A91FF19F1D00E8C759 /* Release */,
			);
			defaultConfigurationIsVisible = 0;
		};
		39EC60AA1FF19F1D00E8C759 /* Build configuration list for PBXNativeTarget "pruebaGitUITests" */ = {
			isa = XCConfigurationList;
			buildConfigurations = (
				39EC60AB1FF19F1D00E8C759 /* Debug */,
				39EC60AC1FF19F1D00E8C759 /* Release */,
			);
			defaultConfigurationIsVisible = 0;
		};
/* End XCConfigurationList section */
	};
	rootObject = 39EC60741FF19F1B00E8C759 /* Project object */;
}
